<?xml version="1.0" encoding="UTF-8" standalone="yes" ?>
<CodeBlocks_project_file>
	<FileVersion major="1" minor="6" />
	<Project>
		<Option title="projet-tut-cpp" />
		<Option pch_mode="2" />
		<Option compiler="gcc" />
		<Build>
			<Target title="Debug">
				<Option output="bin/Debug/projet-tut-cpp" prefix_auto="1" extension_auto="1" />
				<Option object_output="obj/Debug/" />
				<Option type="1" />
				<Option compiler="gcc" />
				<Compiler>
					<Add option="-g" />
				</Compiler>
			</Target>
			<Target title="Release">
				<Option output="bin/Release/projet-tut-cpp" prefix_auto="1" extension_auto="1" />
				<Option object_output="obj/Release/" />
				<Option type="1" />
				<Option compiler="gcc" />
				<Compiler>
					<Add option="-O2" />
				</Compiler>
				<Linker>
					<Add option="-s" />
				</Linker>
			</Target>
		</Build>
		<Compiler>
			<Add option="-Wall" />
			<Add option="-fexceptions" />
		</Compiler>
		<Unit filename="src/chronique.cpp" />
		<Unit filename="src/chronique.h" />
		<Unit filename="src/contrainte.cpp" />
		<Unit filename="src/contrainte.h">
			<Option target="&lt;{~None~}&gt;" />
		</Unit>
		<Unit filename="src/event.cpp" />
		<Unit filename="src/event.h">
			<Option target="&lt;{~None~}&gt;" />
		</Unit>
		<Unit filename="src/main.cpp" />
		<Unit filename="src/parser.cpp" />
		<Unit filename="src/parser.h" />
		<Unit filename="src/parser_chr.cpp" />
		<Unit filename="src/parser_chr.h" />
		<Unit filename="src/parser_event.cpp" />
		<Unit filename="src/parser_event.h" />
		<Unit filename="src/sequence.cpp">
			<Option target="&lt;{~None~}&gt;" />
		</Unit>
		<Unit filename="src/sequence.h">
			<Option target="&lt;{~None~}&gt;" />
		</Unit>
		<Extensions>
			<code_completion />
			<envvars />
			<debugger />
		</Extensions>
	</Project>
</CodeBlocks_project_file>
